
Microsoft Visual Studio Solution File, Format Version 12.00
# Visual Studio Version 16
VisualStudioVersion = 16.0.29920.165
MinimumVisualStudioVersion = 10.0.40219.1
Project("{9A19103F-16F7-4668-BE54-9A1E7A4F7556}") = "Platform.RegularExpressions.Transformer.CSharpToPython", "Platform.RegularExpressions.Transformer.CSharpToPython\Platform.RegularExpressions.Transformer.CSharpToPython.csproj", "{77A06B6C-9C79-45A4-B101-2095FE86577A}"
EndProject
Project("{9A19103F-16F7-4668-BE54-9A1E7A4F7556}") = "Platform.RegularExpressions.Transformer.CSharpToPython.Tests", "Platform.RegularExpressions.Transformer.CSharpToPython.Tests\Platform.RegularExpressions.Transformer.CSharpToPython.Tests.csproj", "{84204E90-A6EC-4E3E-9FC3-43D75D946AC3}"
EndProject
Global
	GlobalSection(SolutionConfigurationPlatforms) = preSolution
		Debug|Any CPU = Debug|Any CPU
		Release|Any CPU = Release|Any CPU
	EndGlobalSection
	GlobalSection(ProjectConfigurationPlatforms) = postSolution
		{77A06B6C-9C79-45A4-B101-2095FE86577A}.Debug|Any CPU.ActiveCfg = Debug|Any CPU
		{77A06B6C-9C79-45A4-B101-2095FE86577A}.Debug|Any CPU.Build.0 = Debug|Any CPU
		{77A06B6C-9C79-45A4-B101-2095FE86577A}.Release|Any CPU.ActiveCfg = Release|Any CPU
		{77A06B6C-9C79-45A4-B101-2095FE86577A}.Release|Any CPU.Build.0 = Release|Any CPU
		{84204E90-A6EC-4E3E-9FC3-43D75D946AC3}.Debug|Any CPU.ActiveCfg = Debug|Any CPU
		{84204E90-A6EC-4E3E-9FC3-43D75D946AC3}.Debug|Any CPU.Build.0 = Debug|Any CPU
		{84204E90-A6EC-4E3E-9FC3-43D75D946AC3}.Release|Any CPU.ActiveCfg = Release|Any CPU
		{84204E90-A6EC-4E3E-9FC3-43D75D946AC3}.Release|Any CPU.Build.0 = Release|Any CPU
	EndGlobalSection
	GlobalSection(SolutionProperties) = preSolution
		HideSolutionNode = FALSE
	EndGlobalSection
	GlobalSection(ExtensibilityGlobals) = postSolution
		SolutionGuid = {3B2CD9FC-9D6B-4805-9D07-7A2D5104A82F}
	EndGlobalSection
EndGlobal
